// !$*UTF8*$!
{
	archiveVersion = 1;
	classes = {
	};
	objectVersion = 50;
	objects = {

/* Begin PBXBuildFile section */
		389B397221E91D0F00E7A343 /* AppDelegate.swift in Sources */ = {isa = PBXBuildFile; fileRef = 389B397121E91D0F00E7A343 /* AppDelegate.swift */; };
		389B397421E91D0F00E7A343 /* ViewController.swift in Sources */ = {isa = PBXBuildFile; fileRef = 389B397321E91D0F00E7A343 /* ViewController.swift */; };
		389B397721E91D0F00E7A343 /* Main.storyboard in Resources */ = {isa = PBXBuildFile; fileRef = 389B397521E91D0F00E7A343 /* Main.storyboard */; };
		389B397921E91D1000E7A343 /* Assets.xcassets in Resources */ = {isa = PBXBuildFile; fileRef = 389B397821E91D1000E7A343 /* Assets.xcassets */; };
		389B397C21E91D1000E7A343 /* LaunchScreen.storyboard in Resources */ = {isa = PBXBuildFile; fileRef = 389B397A21E91D1000E7A343 /* LaunchScreen.storyboard */; };
		38DA450321EA3112007F003C /* Stock.swift in Sources */ = {isa = PBXBuildFile; fileRef = 38DA450221EA3112007F003C /* Stock.swift */; };
		6E3798C0B070D26DEF69A766 /* Pods_iOS_Stocks.framework in Frameworks */ = {isa = PBXBuildFile; fileRef = BB0F521E678B082F780E8298 /* Pods_iOS_Stocks.framework */; };
/* End PBXBuildFile section */

/* Begin PBXFileReference section */
		389B396E21E91D0F00E7A343 /* iOS_Stocks.app */ = {isa = PBXFileReference; explicitFileType = wrapper.application; includeInIndex = 0; path = iOS_Stocks.app; sourceTree = BUILT_PRODUCTS_DIR; };
		389B397121E91D0F00E7A343 /* AppDelegate.swift */ = {isa = PBXFileReference; lastKnownFileType = sourcecode.swift; path = AppDelegate.swift; sourceTree = "<group>"; };
		389B397321E91D0F00E7A343 /* ViewController.swift */ = {isa = PBXFileReference; lastKnownFileType = sourcecode.swift; path = ViewController.swift; sourceTree = "<group>"; };
		389B397621E91D0F00E7A343 /* Base */ = {isa = PBXFileReference; lastKnownFileType = file.storyboard; name = Base; path = Base.lproj/Main.storyboard; sourceTree = "<group>"; };
		389B397821E91D1000E7A343 /* Assets.xcassets */ = {isa = PBXFileReference; lastKnownFileType = folder.assetcatalog; path = Assets.xcassets; sourceTree = "<group>"; };
		389B397B21E91D1000E7A343 /* Base */ = {isa = PBXFileReference; lastKnownFileType = file.storyboard; name = Base; path = Base.lproj/LaunchScreen.storyboard; sourceTree = "<group>"; };
		389B397D21E91D1000E7A343 /* Info.plist */ = {isa = PBXFileReference; lastKnownFileType = text.plist.xml; path = Info.plist; sourceTree = "<group>"; };
		38DA450221EA3112007F003C /* Stock.swift */ = {isa = PBXFileReference; lastKnownFileType = sourcecode.swift; path = Stock.swift; sourceTree = "<group>"; };
		621B052D6B7B91D5EA744759 /* Pods-iOS_Stocks.release.xcconfig */ = {isa = PBXFileReference; includeInIndex = 1; lastKnownFileType = text.xcconfig; name = "Pods-iOS_Stocks.release.xcconfig"; path = "Pods/Target Support Files/Pods-iOS_Stocks/Pods-iOS_Stocks.release.xcconfig"; sourceTree = "<group>"; };
		BB0F521E678B082F780E8298 /* Pods_iOS_Stocks.framework */ = {isa = PBXFileReference; explicitFileType = wrapper.framework; includeInIndex = 0; path = Pods_iOS_Stocks.framework; sourceTree = BUILT_PRODUCTS_DIR; };
		FC508437DC1D1111C388FED8 /* Pods-iOS_Stocks.debug.xcconfig */ = {isa = PBXFileReference; includeInIndex = 1; lastKnownFileType = text.xcconfig; name = "Pods-iOS_Stocks.debug.xcconfig"; path = "Pods/Target Support Files/Pods-iOS_Stocks/Pods-iOS_Stocks.debug.xcconfig"; sourceTree = "<group>"; };
/* End PBXFileReference section */

/* Begin PBXFrameworksBuildPhase section */
		389B396B21E91D0F00E7A343 /* Frameworks */ = {
			isa = PBXFrameworksBuildPhase;
			buildActionMask = 2147483647;
			files = (
				6E3798C0B070D26DEF69A766 /* Pods_iOS_Stocks.framework in Frameworks */,
			);
			runOnlyForDeploymentPostprocessing = 0;
		};
/* End PBXFrameworksBuildPhase section */

/* Begin PBXGroup section */
		389B396521E91D0F00E7A343 = {
			isa = PBXGroup;
			children = (
				389B397021E91D0F00E7A343 /* iOS_Stocks */,
				389B396F21E91D0F00E7A343 /* Products */,
				41D256A06F3A90D41CD2D500 /* Pods */,
				C03D2B4A86000EE20C5DFFE7 /* Frameworks */,
			);
			sourceTree = "<group>";
		};
		389B396F21E91D0F00E7A343 /* Products */ = {
			isa = PBXGroup;
			children = (
				389B396E21E91D0F00E7A343 /* iOS_Stocks.app */,
			);
			name = Products;
			sourceTree = "<group>";
		};
		389B397021E91D0F00E7A343 /* iOS_Stocks */ = {
			isa = PBXGroup;
			children = (
				389B397121E91D0F00E7A343 /* AppDelegate.swift */,
				389B397321E91D0F00E7A343 /* ViewController.swift */,
				38DA450221EA3112007F003C /* Stock.swift */,
				389B397521E91D0F00E7A343 /* Main.storyboard */,
				389B397821E91D1000E7A343 /* Assets.xcassets */,
				389B397A21E91D1000E7A343 /* LaunchScreen.storyboard */,
				389B397D21E91D1000E7A343 /* Info.plist */,
			);
			path = iOS_Stocks;
			sourceTree = "<group>";
		};
		41D256A06F3A90D41CD2D500 /* Pods */ = {
			isa = PBXGroup;
			children = (
				FC508437DC1D1111C388FED8 /* Pods-iOS_Stocks.debug.xcconfig */,
				621B052D6B7B91D5EA744759 /* Pods-iOS_Stocks.release.xcconfig */,
			);
			name = Pods;
			sourceTree = "<group>";
		};
		C03D2B4A86000EE20C5DFFE7 /* Frameworks */ = {
			isa = PBXGroup;
			children = (
				BB0F521E678B082F780E8298 /* Pods_iOS_Stocks.framework */,
			);
			name = Frameworks;
			sourceTree = "<group>";
		};
/* End PBXGroup section */

/* Begin PBXNativeTarget section */
		389B396D21E91D0F00E7A343 /* iOS_Stocks */ = {
			isa = PBXNativeTarget;
			buildConfigurationList = 389B398021E91D1000E7A343 /* Build configuration list for PBXNativeTarget "iOS_Stocks" */;
			buildPhases = (
				8D37F272F2241FF0811EA681 /* [CP] Check Pods Manifest.lock */,
				389B396A21E91D0F00E7A343 /* Sources */,
				389B396B21E91D0F00E7A343 /* Frameworks */,
				389B396C21E91D0F00E7A343 /* Resources */,
				4A30CD14319695D120F9D8B4 /* [CP] Embed Pods Frameworks */,
			);
			buildRules = (
			);
			dependencies = (
			);
			name = iOS_Stocks;
			productName = iOS_Stocks;
			productReference = 389B396E21E91D0F00E7A343 /* iOS_Stocks.app */;
			productType = "com.apple.product-type.application";
		};
/* End PBXNativeTarget section */

/* Begin PBXProject section */
		389B396621E91D0F00E7A343 /* Project object */ = {
			isa = PBXProject;
			attributes = {
				LastSwiftUpdateCheck = 1010;
				LastUpgradeCheck = 1010;
				ORGANIZATIONNAME = "Nikhil Trivedi";
				TargetAttributes = {
					389B396D21E91D0F00E7A343 = {
						CreatedOnToolsVersion = 10.1;
					};
				};
			};
			buildConfigurationList = 389B396921E91D0F00E7A343 /* Build configuration list for PBXProject "iOS_Stocks" */;
			compatibilityVersion = "Xcode 9.3";
			developmentRegion = en;
			hasScannedForEncodings = 0;
			knownRegions = (
				en,
				Base,
			);
			mainGroup = 389B396521E91D0F00E7A343;
			productRefGroup = 389B396F21E91D0F00E7A343 /* Products */;
			projectDirPath = "";
			projectRoot = "";
			targets = (
				389B396D21E91D0F00E7A343 /* iOS_Stocks */,
			);
		};
/* End PBXProject section */

/* Begin PBXResourcesBuildPhase section */
		389B396C21E91D0F00E7A343 /* Resources */ = {
			isa = PBXResourcesBuildPhase;
			buildActionMask = 2147483647;
			files = (
				389B397C21E91D1000E7A343 /* LaunchScreen.storyboard in Resources */,
				389B397921E91D1000E7A343 /* Assets.xcassets in Resources */,
				389B397721E91D0F00E7A343 /* Main.storyboard in Resources */,
			);
			runOnlyForDeploymentPostprocessing = 0;
		};
/* End PBXResourcesBuildPhase section */

/* Begin PBXShellScriptBuildPhase section */
		4A30CD14319695D120F9D8B4 /* [CP] Embed Pods Frameworks */ = {
			isa = PBXShellScriptBuildPhase;
			buildActionMask = 2147483647;
			files = (
			);
			inputFileListPaths = (
			);
			inputPaths = (
				"${SRCROOT}/Pods/Target Support Files/Pods-iOS_Stocks/Pods-iOS_Stocks-frameworks.sh",
				"${BUILT_PRODUCTS_DIR}/ChameleonFramework/ChameleonFramework.framework",
			);
			name = "[CP] Embed Pods Frameworks";
			outputFileListPaths = (
			);
			outputPaths = (
				"${TARGET_BUILD_DIR}/${FRAMEWORKS_FOLDER_PATH}/ChameleonFramework.framework",
			);
			runOnlyForDeploymentPostprocessing = 0;
			shellPath = /bin/sh;
			shellScript = "\"${SRCROOT}/Pods/Target Support Files/Pods-iOS_Stocks/Pods-iOS_Stocks-frameworks.sh\"\n";
			showEnvVarsInLog = 0;
		};
		8D37F272F2241FF0811EA681 /* [CP] Check Pods Manifest.lock */ = {
			isa = PBXShellScriptBuildPhase;
			buildActionMask = 2147483647;
			files = (
			);
			inputFileListPaths = (
			);
			inputPaths = (
				"${PODS_PODFILE_DIR_PATH}/Podfile.lock",
				"${PODS_ROOT}/Manifest.lock",
			);
			name = "[CP] Check Pods Manifest.lock";
			outputFileListPaths = (
			);
			outputPaths = (
				"$(DERIVED_FILE_DIR)/Pods-iOS_Stocks-checkManifestLockResult.txt",
			);
			runOnlyForDeploymentPostprocessing = 0;
			shellPath = /bin/sh;
			shellScript = "diff \"${PODS_PODFILE_DIR_PATH}/Podfile.lock\" \"${PODS_ROOT}/Manifest.lock\" > /dev/null\nif [ $? != 0 ] ; then\n    # print error to STDERR\n    echo \"error: The sandbox is not in sync with the Podfile.lock. Run 'pod install' or update your CocoaPods installation.\" >&2\n    exit 1\nfi\n# This output is used by Xcode 'outputs' to avoid re-running this script phase.\necho \"SUCCESS\" > \"${SCRIPT_OUTPUT_FILE_0}\"\n";
			showEnvVarsInLog = 0;
		};
/* End PBXShellScriptBuildPhase section */

/* Begin PBXSourcesBuildPhase section */
		389B396A21E91D0F00E7A343 /* Sources */ = {
			isa = PBXSourcesBuildPhase;
			buildActionMask = 2147483647;
			files = (
				389B397421E91D0F00E7A343 /* ViewController.swift in Sources */,
				389B397221E91D0F00E7A343 /* AppDelegate.swift in Sources */,
				38DA450321EA3112007F003C /* Stock.swift in Sources */,
			);
			runOnlyForDeploymentPostprocessing = 0;
		};
/* End PBXSourcesBuildPhase section */

/* Begin PBXVariantGroup section */
		389B397521E91D0F00E7A343 /* Main.storyboard */ = {
			isa = PBXVariantGroup;
			children = (
				389B397621E91D0F00E7A343 /* Base */,
			);
			name = Main.storyboard;
			sourceTree = "<group>";
		};
		389B397A21E91D1000E7A343 /* LaunchScreen.storyboard */ = {
			isa = PBXVariantGroup;
			children = (
				389B397B21E91D1000E7A343 /* Base */,
			);
			name = LaunchScreen.storyboard;
			sourceTree = "<group>";
		};
/* End PBXVariantGroup section */

/* Begin XCBuildConfiguration section */
		389B397E21E91D1000E7A343 /* Debug */ = {
			isa = XCBuildConfiguration;
			buildSettings = {
				ALWAYS_SEARCH_USER_PATHS = NO;
				CLANG_ANALYZER_NONNULL = YES;
				CLANG_ANALYZER_NUMBER_OBJECT_CONVERSION = YES_AGGRESSIVE;
				CLANG_CXX_LANGUAGE_STANDARD = "gnu++14";
				CLANG_CXX_LIBRARY = "libc++";
				CLANG_ENABLE_MODULES = YES;
				CLANG_ENABLE_OBJC_ARC = YES;
				CLANG_ENABLE_OBJC_WEAK = YES;
				CLANG_WARN_BLOCK_CAPTURE_AUTORELEASING = YES;
				CLANG_WARN_BOOL_CONVERSION = YES;
				CLANG_WARN_COMMA = YES;
				CLANG_WARN_CONSTANT_CONVERSION = YES;
				CLANG_WARN_DEPRECATED_OBJC_IMPLEMENTATIONS = YES;
				CLANG_WARN_DIRECT_OBJC_ISA_USAGE = YES_ERROR;
				CLANG_WARN_DOCUMENTATION_COMMENTS = YES;
				CLANG_WARN_EMPTY_BODY = YES;
				CLANG_WARN_ENUM_CONVERSION = YES;
				CLANG_WARN_INFINITE_RECURSION = YES;
				CLANG_WARN_INT_CONVERSION = YES;
				CLANG_WARN_NON_LITERAL_NULL_CONVERSION = YES;
				CLANG_WARN_OBJC_IMPLICIT_RETAIN_SELF = YES;
				CLANG_WARN_OBJC_LITERAL_CONVERSION = YES;
				CLANG_WARN_OBJC_ROOT_CLASS = YES_ERROR;
				CLANG_WARN_RANGE_LOOP_ANALYSIS = YES;
				CLANG_WARN_STRICT_PROTOTYPES = YES;
				CLANG_WARN_SUSPICIOUS_MOVE = YES;
				CLANG_WARN_UNGUARDED_AVAILABILITY = YES_AGGRESSIVE;
				CLANG_WARN_UNREACHABLE_CODE = YES;
				CLANG_WARN__DUPLICATE_METHOD_MATCH = YES;
				CODE_SIGN_IDENTITY = "iPhone Developer";
				COPY_PHASE_STRIP = NO;
				DEBUG_INFORMATION_FORMAT = dwarf;
				ENABLE_STRICT_OBJC_MSGSEND = YES;
				ENABLE_TESTABILITY = YES;
				GCC_C_LANGUAGE_STANDARD = gnu11;
				GCC_DYNAMIC_NO_PIC = NO;
				GCC_NO_COMMON_BLOCKS = YES;
				GCC_OPTIMIZATION_LEVEL = 0;
				GCC_PREPROCESSOR_DEFINITIONS = (
					"DEBUG=1",
					"$(inherited)",
				);
				GCC_WARN_64_TO_32_BIT_CONVERSION = YES;
				GCC_WARN_ABOUT_RETURN_TYPE = YES_ERROR;
				GCC_WARN_UNDECLARED_SELECTOR = YES;
				GCC_WARN_UNINITIALIZED_AUTOS = YES_AGGRESSIVE;
				GCC_WARN_UNUSED_FUNCTION = YES;
				GCC_WARN_UNUSED_VARIABLE = YES;
				IPHONEOS_DEPLOYMENT_TARGET = 12.1;
				MTL_ENABLE_DEBUG_INFO = INCLUDE_SOURCE;
				MTL_FAST_MATH = YES;
				ONLY_ACTIVE_ARCH = YES;
				SDKROOT = iphoneos;
				SWIFT_ACTIVE_COMPILATION_CONDITIONS = DEBUG;
				SWIFT_OPTIMIZATION_LEVEL = "-Onone";
			};
			name = Debug;
		};
		389B397F21E91D1000E7A343 /* Release */ = {
			isa = XCBuildConfiguration;
			buildSettings = {
				ALWAYS_SEARCH_USER_PATHS = NO;
				CLANG_ANALYZER_NONNULL = YES;
				CLANG_ANALYZER_NUMBER_OBJECT_CONVERSION = YES_AGGRESSIVE;
				CLANG_CXX_LANGUAGE_STANDARD = "gnu++14";
				CLANG_CXX_LIBRARY = "libc++";
				CLANG_ENABLE_MODULES = YES;
				CLANG_ENABLE_OBJC_ARC = YES;
				CLANG_ENABLE_OBJC_WEAK = YES;
				CLANG_WARN_BLOCK_CAPTURE_AUTORELEASING = YES;
				CLANG_WARN_BOOL_CONVERSION = YES;
				CLANG_WARN_COMMA = YES;
				CLANG_WARN_CONSTANT_CONVERSION = YES;
				CLANG_WARN_DEPRECATED_OBJC_IMPLEMENTATIONS = YES;
				CLANG_WARN_DIRECT_OBJC_ISA_USAGE = YES_ERROR;
				CLANG_WARN_DOCUMENTATION_COMMENTS = YES;
				CLANG_WARN_EMPTY_BODY = YES;
				CLANG_WARN_ENUM_CONVERSION = YES;
				CLANG_WARN_INFINITE_RECURSION = YES;
				CLANG_WARN_INT_CONVERSION = YES;
				CLANG_WARN_NON_LITERAL_NULL_CONVERSION = YES;
				CLANG_WARN_OBJC_IMPLICIT_RETAIN_SELF = YES;
				CLANG_WARN_OBJC_LITERAL_CONVERSION = YES;
				CLANG_WARN_OBJC_ROOT_CLASS = YES_ERROR;
				CLANG_WARN_RANGE_LOOP_ANALYSIS = YES;
				CLANG_WARN_STRICT_PROTOTYPES = YES;
				CLANG_WARN_SUSPICIOUS_MOVE = YES;
				CLANG_WARN_UNGUARDED_AVAILABILITY = YES_AGGRESSIVE;
				CLANG_WARN_UNREACHABLE_CODE = YES;
				CLANG_WARN__DUPLICATE_METHOD_MATCH = YES;
				CODE_SIGN_IDENTITY = "iPhone Developer";
				COPY_PHASE_STRIP = NO;
				DEBUG_INFORMATION_FORMAT = "dwarf-with-dsym";
				ENABLE_NS_ASSERTIONS = NO;
				ENABLE_STRICT_OBJC_MSGSEND = YES;
				GCC_C_LANGUAGE_STANDARD = gnu11;
				GCC_NO_COMMON_BLOCKS = YES;
				GCC_WARN_64_TO_32_BIT_CONVERSION = YES;
				GCC_WARN_ABOUT_RETURN_TYPE = YES_ERROR;
				GCC_WARN_UNDECLARED_SELECTOR = YES;
				GCC_WARN_UNINITIALIZED_AUTOS = YES_AGGRESSIVE;
				GCC_WARN_UNUSED_FUNCTION = YES;
				GCC_WARN_UNUSED_VARIABLE = YES;
				IPHONEOS_DEPLOYMENT_TARGET = 12.1;
				MTL_ENABLE_DEBUG_INFO = NO;
				MTL_FAST_MATH = YES;
				SDKROOT = iphoneos;
				SWIFT_COMPILATION_MODE = wholemodule;
				SWIFT_OPTIMIZATION_LEVEL = "-O";
				VALIDATE_PRODUCT = YES;
			};
			name = Release;
		};
		389B398121E91D1000E7A343 /* Debug */ = {
			isa = XCBuildConfiguration;
			baseConfigurationReference = FC508437DC1D1111C388FED8 /* Pods-iOS_Stocks.debug.xcconfig */;
			buildSettings = {
				ASSETCATALOG_COMPILER_APPICON_NAME = AppIcon;
				CODE_SIGN_STYLE = Automatic;
				DEVELOPMENT_TEAM = 28AQ223ES3;
				INFOPLIST_FILE = iOS_Stocks/Info.plist;
				IPHONEOS_DEPLOYMENT_TARGET = 12.1;
				LD_RUNPATH_SEARCH_PATHS = (
					"$(inherited)",
					"@executable_path/Frameworks",
				);
				PRODUCT_BUNDLE_IDENTIFIER = "Nikhil-Trivedi.iOS-Stocks";
				PRODUCT_NAME = "$(TARGET_NAME)";
				SWIFT_VERSION = 4.2;
				TARGETED_DEVICE_FAMILY = "1,2";
			};
			name = Debug;
		};
		389B398221E91D1000E7A343 /* Release */ = {
			isa = XCBuildConfiguration;
			baseConfigurationReference = 621B052D6B7B91D5EA744759 /* Pods-iOS_Stocks.release.xcconfig */;
			buildSettings = {
				ASSETCATALOG_COMPILER_APPICON_NAME = AppIcon;
				CODE_SIGN_STYLE = Automatic;
				DEVELOPMENT_TEAM = 28AQ223ES3;
				INFOPLIST_FILE = iOS_Stocks/Info.plist;
				IPHONEOS_DEPLOYMENT_TARGET = 12.1;
				LD_RUNPATH_SEARCH_PATHS = (
					"$(inherited)",
					"@executable_path/Frameworks",
				);
				PRODUCT_BUNDLE_IDENTIFIER = "Nikhil-Trivedi.iOS-Stocks";
				PRODUCT_NAME = "$(TARGET_NAME)";
				SWIFT_VERSION = 4.2;
				TARGETED_DEVICE_FAMILY = "1,2";
			};
			name = Release;
		};
/* End XCBuildConfiguration section */

/* Begin XCConfigurationList section */
		389B396921E91D0F00E7A343 /* Build configuration list for PBXProject "iOS_Stocks" */ = {
			isa = XCConfigurationList;
			buildConfigurations = (
				389B397E21E91D1000E7A343 /* Debug */,
				389B397F21E91D1000E7A343 /* Release */,
			);
			defaultConfigurationIsVisible = 0;
			defaultConfigurationName = Release;
		};
		389B398021E91D1000E7A343 /* Build configuration list for PBXNativeTarget "iOS_Stocks" */ = {
			isa = XCConfigurationList;
			buildConfigurations = (
				389B398121E91D1000E7A343 /* Debug */,
				389B398221E91D1000E7A343 /* Release */,
			);
			defaultConfigurationIsVisible = 0;
			defaultConfigurationName = Release;
		};
/* End XCConfigurationList section */
	};
	rootObject = 389B396621E91D0F00E7A343 /* Project object */;
}
